
Microsoft Visual Studio Solution File, Format Version 12.00
# Visual Studio Version 17
VisualStudioVersion = 17.14.36203.30 d17.14
MinimumVisualStudioVersion = 10.0.40219.1
Project("{8BC9CEB8-8B4A-11D0-8D11-00A0C91BC942}") = "LIWF", "LIWF.vcxproj", "{7F2C74DE-19B2-472E-BC18-EF75E2D6596B}"
EndProject
Global
	GlobalSection(SolutionConfigurationPlatforms) = preSolution
		Debug|x64 = Debug|x64
		Debug|x86 = Debug|x86
		Release|x64 = Release|x64
		Release|x86 = Release|x86
	EndGlobalSection
	GlobalSection(ProjectConfigurationPlatforms) = postSolution
		{7F2C74DE-19B2-472E-BC18-EF75E2D6596B}.Debug|x64.ActiveCfg = Debug|x64
		{7F2C74DE-19B2-472E-BC18-EF75E2D6596B}.Debug|x64.Build.0 = Debug|x64
		{7F2C74DE-19B2-472E-BC18-EF75E2D6596B}.Debug|x86.ActiveCfg = Debug|Win32
		{7F2C74DE-19B2-472E-BC18-EF75E2D6596B}.Debug|x86.Build.0 = Debug|Win32
		{7F2C74DE-19B2-472E-BC18-EF75E2D6596B}.Release|x64.ActiveCfg = Release|x64
		{7F2C74DE-19B2-472E-BC18-EF75E2D6596B}.Release|x64.Build.0 = Release|x64
		{7F2C74DE-19B2-472E-BC18-EF75E2D6596B}.Release|x86.ActiveCfg = Release|Win32
		{7F2C74DE-19B2-472E-BC18-EF75E2D6596B}.Release|x86.Build.0 = Release|Win32
	EndGlobalSection
	GlobalSection(SolutionProperties) = preSolution
		HideSolutionNode = FALSE
	EndGlobalSection
	GlobalSection(ExtensibilityGlobals) = postSolution
		SolutionGuid = {E246EA97-1209-4CD8-A98C-5E9D75E2CE16}
	EndGlobalSection
EndGlobal
